
Microsoft Visual Studio Solution File, Format Version 12.00
# Visual Studio Version 16
VisualStudioVersion = 25.0.1706.7
MinimumVisualStudioVersion = 10.0.40219.1
Project("{FAE04EC0-301F-11D3-BF4B-00C04F79EFBC}") = "Desafio.WebApi", "Adapters\Desafio.WebApi\Desafio.WebApi.csproj", "{3F77F432-F5D3-4199-B4A8-594D2C1FF4F5}"
EndProject
Project("{2150E333-8FDC-42A3-9474-1A3956D46DE8}") = "Adapters", "Adapters", "{960E1406-B5C4-48FC-B855-51A60F41753B}"
EndProject
Project("{FAE04EC0-301F-11D3-BF4B-00C04F79EFBC}") = "Desafio.EntityFramework", "Adapters\Desafio.EntityFramework\Desafio.EntityFramework.csproj", "{43979835-5BB3-4308-A1CC-5EFF731C17B0}"
EndProject
Project("{FAE04EC0-301F-11D3-BF4B-00C04F79EFBC}") = "Desafio.Domain", "Desafio.Domain\Desafio.Domain.csproj", "{53870124-D895-406F-9293-5584161B3927}"
EndProject
Project("{FAE04EC0-301F-11D3-BF4B-00C04F79EFBC}") = "Desafio.Application", "Desafio.Application\Desafio.Application.csproj", "{22A0BE64-8D9B-4333-BFCB-A6DA9BBD54F9}"
EndProject
Global
	GlobalSection(SolutionConfigurationPlatforms) = preSolution
		Debug|Any CPU = Debug|Any CPU
		Release|Any CPU = Release|Any CPU
	EndGlobalSection
	GlobalSection(ProjectConfigurationPlatforms) = postSolution
		{3F77F432-F5D3-4199-B4A8-594D2C1FF4F5}.Debug|Any CPU.ActiveCfg = Debug|Any CPU
		{3F77F432-F5D3-4199-B4A8-594D2C1FF4F5}.Debug|Any CPU.Build.0 = Debug|Any CPU
		{3F77F432-F5D3-4199-B4A8-594D2C1FF4F5}.Release|Any CPU.ActiveCfg = Release|Any CPU
		{3F77F432-F5D3-4199-B4A8-594D2C1FF4F5}.Release|Any CPU.Build.0 = Release|Any CPU
		{43979835-5BB3-4308-A1CC-5EFF731C17B0}.Debug|Any CPU.ActiveCfg = Debug|Any CPU
		{43979835-5BB3-4308-A1CC-5EFF731C17B0}.Debug|Any CPU.Build.0 = Debug|Any CPU
		{43979835-5BB3-4308-A1CC-5EFF731C17B0}.Release|Any CPU.ActiveCfg = Release|Any CPU
		{43979835-5BB3-4308-A1CC-5EFF731C17B0}.Release|Any CPU.Build.0 = Release|Any CPU
		{53870124-D895-406F-9293-5584161B3927}.Debug|Any CPU.ActiveCfg = Debug|Any CPU
		{53870124-D895-406F-9293-5584161B3927}.Debug|Any CPU.Build.0 = Debug|Any CPU
		{53870124-D895-406F-9293-5584161B3927}.Release|Any CPU.ActiveCfg = Release|Any CPU
		{53870124-D895-406F-9293-5584161B3927}.Release|Any CPU.Build.0 = Release|Any CPU
		{22A0BE64-8D9B-4333-BFCB-A6DA9BBD54F9}.Debug|Any CPU.ActiveCfg = Debug|Any CPU
		{22A0BE64-8D9B-4333-BFCB-A6DA9BBD54F9}.Debug|Any CPU.Build.0 = Debug|Any CPU
		{22A0BE64-8D9B-4333-BFCB-A6DA9BBD54F9}.Release|Any CPU.ActiveCfg = Release|Any CPU
		{22A0BE64-8D9B-4333-BFCB-A6DA9BBD54F9}.Release|Any CPU.Build.0 = Release|Any CPU
	EndGlobalSection
	GlobalSection(SolutionProperties) = preSolution
		HideSolutionNode = FALSE
	EndGlobalSection
	GlobalSection(ExtensibilityGlobals) = postSolution
		SolutionGuid = {5F8C35C1-1DB3-41F6-83C3-33A0EA9B3727}
	EndGlobalSection
	GlobalSection(NestedProjects) = preSolution
		{3F77F432-F5D3-4199-B4A8-594D2C1FF4F5} = {960E1406-B5C4-48FC-B855-51A60F41753B}
		{43979835-5BB3-4308-A1CC-5EFF731C17B0} = {960E1406-B5C4-48FC-B855-51A60F41753B}
	EndGlobalSection
EndGlobal
